
Microsoft Visual Studio Solution File, Format Version 12.00
Project("{FAE04EC0-301F-11D3-BF4B-00C04F79EFBC}") = "FirstApp_20221216", "FirstApp_20221216.csproj", "{6829A181-304C-4614-8498-9C040AEA761D}"
EndProject
Project("{FAE04EC0-301F-11D3-BF4B-00C04F79EFBC}") = "Variable_20221216", "Variable_20221216\Variable_20221216.csproj", "{3C296421-60A3-4094-9842-89FE3C4877AE}"
EndProject
Project("{FAE04EC0-301F-11D3-BF4B-00C04F79EFBC}") = "Arithmetic_20221216", "Arithmetic_20221216\Arithmetic_20221216.csproj", "{34FE5C7B-F557-4C6D-9085-1ED6C2E0A389}"
EndProject
Project("{FAE04EC0-301F-11D3-BF4B-00C04F79EFBC}") = "conditional_20221216", "conditional_20221216\conditional_20221216.csproj", "{79F7C484-CC92-417B-8275-EBDD12F39B83}"
EndProject
Project("{FAE04EC0-301F-11D3-BF4B-00C04F79EFBC}") = "loop_20221216", "loop_20221216\loop_20221216.csproj", "{DA703F53-34A4-4D55-A9DD-35A36974DA24}"
EndProject
Project("{FAE04EC0-301F-11D3-BF4B-00C04F79EFBC}") = "Array_20221216", "Array_20221216\Array_20221216.csproj", "{366F597C-704E-4D64-BDF4-E4364B76E636}"
EndProject
Project("{FAE04EC0-301F-11D3-BF4B-00C04F79EFBC}") = "FirstClass_20221217", "FirstClass_20221217\FirstClass_20221217.csproj", "{DD754F8A-AFF7-4098-BF39-34444968CACF}"
EndProject
Project("{FAE04EC0-301F-11D3-BF4B-00C04F79EFBC}") = "AbstractClass_20221219", "AbstractClass_20221219\AbstractClass_20221219.csproj", "{650556EC-0CFC-4306-B5E8-70492E4C6222}"
EndProject
Project("{FAE04EC0-301F-11D3-BF4B-00C04F79EFBC}") = "Interface_20221219", "Interface_20221219\Interface_20221219.csproj", "{22C9B9CF-FD92-4D70-BDAA-4F8D0F602957}"
EndProject
Project("{FAE04EC0-301F-11D3-BF4B-00C04F79EFBC}") = "SealedClass_20221219", "SealedClass_20221219\SealedClass_20221219.csproj", "{1488FC62-0A02-4902-A783-F1B242071E2C}"
EndProject
Global
	GlobalSection(SolutionConfigurationPlatforms) = preSolution
		Debug|Any CPU = Debug|Any CPU
		Release|Any CPU = Release|Any CPU
	EndGlobalSection
	GlobalSection(ProjectConfigurationPlatforms) = postSolution
		{6829A181-304C-4614-8498-9C040AEA761D}.Debug|Any CPU.ActiveCfg = Debug|Any CPU
		{6829A181-304C-4614-8498-9C040AEA761D}.Debug|Any CPU.Build.0 = Debug|Any CPU
		{6829A181-304C-4614-8498-9C040AEA761D}.Release|Any CPU.ActiveCfg = Release|Any CPU
		{6829A181-304C-4614-8498-9C040AEA761D}.Release|Any CPU.Build.0 = Release|Any CPU
		{3C296421-60A3-4094-9842-89FE3C4877AE}.Debug|Any CPU.ActiveCfg = Debug|Any CPU
		{3C296421-60A3-4094-9842-89FE3C4877AE}.Debug|Any CPU.Build.0 = Debug|Any CPU
		{3C296421-60A3-4094-9842-89FE3C4877AE}.Release|Any CPU.ActiveCfg = Release|Any CPU
		{3C296421-60A3-4094-9842-89FE3C4877AE}.Release|Any CPU.Build.0 = Release|Any CPU
		{34FE5C7B-F557-4C6D-9085-1ED6C2E0A389}.Debug|Any CPU.ActiveCfg = Debug|Any CPU
		{34FE5C7B-F557-4C6D-9085-1ED6C2E0A389}.Debug|Any CPU.Build.0 = Debug|Any CPU
		{34FE5C7B-F557-4C6D-9085-1ED6C2E0A389}.Release|Any CPU.ActiveCfg = Release|Any CPU
		{34FE5C7B-F557-4C6D-9085-1ED6C2E0A389}.Release|Any CPU.Build.0 = Release|Any CPU
		{79F7C484-CC92-417B-8275-EBDD12F39B83}.Debug|Any CPU.ActiveCfg = Debug|Any CPU
		{79F7C484-CC92-417B-8275-EBDD12F39B83}.Debug|Any CPU.Build.0 = Debug|Any CPU
		{79F7C484-CC92-417B-8275-EBDD12F39B83}.Release|Any CPU.ActiveCfg = Release|Any CPU
		{79F7C484-CC92-417B-8275-EBDD12F39B83}.Release|Any CPU.Build.0 = Release|Any CPU
		{DA703F53-34A4-4D55-A9DD-35A36974DA24}.Debug|Any CPU.ActiveCfg = Debug|Any CPU
		{DA703F53-34A4-4D55-A9DD-35A36974DA24}.Debug|Any CPU.Build.0 = Debug|Any CPU
		{DA703F53-34A4-4D55-A9DD-35A36974DA24}.Release|Any CPU.ActiveCfg = Release|Any CPU
		{DA703F53-34A4-4D55-A9DD-35A36974DA24}.Release|Any CPU.Build.0 = Release|Any CPU
		{366F597C-704E-4D64-BDF4-E4364B76E636}.Debug|Any CPU.ActiveCfg = Debug|Any CPU
		{366F597C-704E-4D64-BDF4-E4364B76E636}.Debug|Any CPU.Build.0 = Debug|Any CPU
		{366F597C-704E-4D64-BDF4-E4364B76E636}.Release|Any CPU.ActiveCfg = Release|Any CPU
		{366F597C-704E-4D64-BDF4-E4364B76E636}.Release|Any CPU.Build.0 = Release|Any CPU
		{DD754F8A-AFF7-4098-BF39-34444968CACF}.Debug|Any CPU.ActiveCfg = Debug|Any CPU
		{DD754F8A-AFF7-4098-BF39-34444968CACF}.Debug|Any CPU.Build.0 = Debug|Any CPU
		{DD754F8A-AFF7-4098-BF39-34444968CACF}.Release|Any CPU.ActiveCfg = Release|Any CPU
		{DD754F8A-AFF7-4098-BF39-34444968CACF}.Release|Any CPU.Build.0 = Release|Any CPU
		{650556EC-0CFC-4306-B5E8-70492E4C6222}.Debug|Any CPU.ActiveCfg = Debug|Any CPU
		{650556EC-0CFC-4306-B5E8-70492E4C6222}.Debug|Any CPU.Build.0 = Debug|Any CPU
		{650556EC-0CFC-4306-B5E8-70492E4C6222}.Release|Any CPU.ActiveCfg = Release|Any CPU
		{650556EC-0CFC-4306-B5E8-70492E4C6222}.Release|Any CPU.Build.0 = Release|Any CPU
		{22C9B9CF-FD92-4D70-BDAA-4F8D0F602957}.Debug|Any CPU.ActiveCfg = Debug|Any CPU
		{22C9B9CF-FD92-4D70-BDAA-4F8D0F602957}.Debug|Any CPU.Build.0 = Debug|Any CPU
		{22C9B9CF-FD92-4D70-BDAA-4F8D0F602957}.Release|Any CPU.ActiveCfg = Release|Any CPU
		{22C9B9CF-FD92-4D70-BDAA-4F8D0F602957}.Release|Any CPU.Build.0 = Release|Any CPU
		{1488FC62-0A02-4902-A783-F1B242071E2C}.Debug|Any CPU.ActiveCfg = Debug|Any CPU
		{1488FC62-0A02-4902-A783-F1B242071E2C}.Debug|Any CPU.Build.0 = Debug|Any CPU
		{1488FC62-0A02-4902-A783-F1B242071E2C}.Release|Any CPU.ActiveCfg = Release|Any CPU
		{1488FC62-0A02-4902-A783-F1B242071E2C}.Release|Any CPU.Build.0 = Release|Any CPU
	EndGlobalSection
EndGlobal
